
Microsoft Visual Studio Solution File, Format Version 12.00
# Visual Studio Version 17
VisualStudioVersion = 17.9.34616.47
MinimumVisualStudioVersion = 10.0.40219.1
Project("{FAE04EC0-301F-11D3-BF4B-00C04F79EFBC}") = "Mission08_Team0208", "Mission08_Team0208\Mission08_Team0208.csproj", "{01EA1DBA-728C-428E-974A-593D9BF21F16}"
EndProject
Global
	GlobalSection(SolutionConfigurationPlatforms) = preSolution
		Debug|Any CPU = Debug|Any CPU
		Release|Any CPU = Release|Any CPU
	EndGlobalSection
	GlobalSection(ProjectConfigurationPlatforms) = postSolution
		{01EA1DBA-728C-428E-974A-593D9BF21F16}.Debug|Any CPU.ActiveCfg = Debug|Any CPU
		{01EA1DBA-728C-428E-974A-593D9BF21F16}.Debug|Any CPU.Build.0 = Debug|Any CPU
		{01EA1DBA-728C-428E-974A-593D9BF21F16}.Release|Any CPU.ActiveCfg = Release|Any CPU
		{01EA1DBA-728C-428E-974A-593D9BF21F16}.Release|Any CPU.Build.0 = Release|Any CPU
	EndGlobalSection
	GlobalSection(SolutionProperties) = preSolution
		HideSolutionNode = FALSE
	EndGlobalSection
	GlobalSection(ExtensibilityGlobals) = postSolution
		SolutionGuid = {4238FF61-5C3F-48A4-AF03-CD1E3AC1052C}
	EndGlobalSection
EndGlobal
